
Microsoft Visual Studio Solution File, Format Version 12.00
# Visual Studio Version 17
VisualStudioVersion = 17.0.31903.59
MinimumVisualStudioVersion = 10.0.40219.1
Project("{2150E333-8FDC-42A3-9474-1A3956D46DE8}") = "src", "src", "{827E0CD3-B72D-47B6-A68D-7590B98EB39B}"
EndProject
Project("{FAE04EC0-301F-11D3-BF4B-00C04F79EFBC}") = "SophiaWin11.Core", "src\SophiaWin11.Core\SophiaWin11.Core.csproj", "{963047B3-AC9E-4F8A-B11C-127A4D7DC4FC}"
EndProject
Project("{FAE04EC0-301F-11D3-BF4B-00C04F79EFBC}") = "SophiaWin11.Tests", "src\SophiaWin11.Tests\SophiaWin11.Tests.csproj", "{FFABE139-7661-4F87-BBC9-8469071B9703}"
EndProject
Project("{FAE04EC0-301F-11D3-BF4B-00C04F79EFBC}") = "SophiaWin11.UI", "src\SophiaWin11.UI\SophiaWin11.UI.csproj", "{165571CB-A82F-4535-BBD5-C6AEFEA4E096}"
EndProject
Project("{FAE04EC0-301F-11D3-BF4B-00C04F79EFBC}") = "SophiaWin11.App", "src\SophiaWin11.App\SophiaWin11.App.csproj", "{094CEBAC-CE25-44BA-8BFF-7C3213806138}"
EndProject
Global
	GlobalSection(SolutionConfigurationPlatforms) = preSolution
		Debug|Any CPU = Debug|Any CPU
		Debug|x64 = Debug|x64
		Debug|x86 = Debug|x86
		Release|Any CPU = Release|Any CPU
		Release|x64 = Release|x64
		Release|x86 = Release|x86
	EndGlobalSection
	GlobalSection(ProjectConfigurationPlatforms) = postSolution
		{963047B3-AC9E-4F8A-B11C-127A4D7DC4FC}.Debug|Any CPU.ActiveCfg = Debug|Any CPU
		{963047B3-AC9E-4F8A-B11C-127A4D7DC4FC}.Debug|Any CPU.Build.0 = Debug|Any CPU
		{963047B3-AC9E-4F8A-B11C-127A4D7DC4FC}.Debug|x64.ActiveCfg = Debug|Any CPU
		{963047B3-AC9E-4F8A-B11C-127A4D7DC4FC}.Debug|x64.Build.0 = Debug|Any CPU
		{963047B3-AC9E-4F8A-B11C-127A4D7DC4FC}.Debug|x86.ActiveCfg = Debug|Any CPU
		{963047B3-AC9E-4F8A-B11C-127A4D7DC4FC}.Debug|x86.Build.0 = Debug|Any CPU
		{963047B3-AC9E-4F8A-B11C-127A4D7DC4FC}.Release|Any CPU.ActiveCfg = Release|Any CPU
		{963047B3-AC9E-4F8A-B11C-127A4D7DC4FC}.Release|Any CPU.Build.0 = Release|Any CPU
		{963047B3-AC9E-4F8A-B11C-127A4D7DC4FC}.Release|x64.ActiveCfg = Release|Any CPU
		{963047B3-AC9E-4F8A-B11C-127A4D7DC4FC}.Release|x64.Build.0 = Release|Any CPU
		{963047B3-AC9E-4F8A-B11C-127A4D7DC4FC}.Release|x86.ActiveCfg = Release|Any CPU
		{963047B3-AC9E-4F8A-B11C-127A4D7DC4FC}.Release|x86.Build.0 = Release|Any CPU
		{FFABE139-7661-4F87-BBC9-8469071B9703}.Debug|Any CPU.ActiveCfg = Debug|Any CPU
		{FFABE139-7661-4F87-BBC9-8469071B9703}.Debug|Any CPU.Build.0 = Debug|Any CPU
		{FFABE139-7661-4F87-BBC9-8469071B9703}.Debug|x64.ActiveCfg = Debug|Any CPU
		{FFABE139-7661-4F87-BBC9-8469071B9703}.Debug|x64.Build.0 = Debug|Any CPU
		{FFABE139-7661-4F87-BBC9-8469071B9703}.Debug|x86.ActiveCfg = Debug|Any CPU
		{FFABE139-7661-4F87-BBC9-8469071B9703}.Debug|x86.Build.0 = Debug|Any CPU
		{FFABE139-7661-4F87-BBC9-8469071B9703}.Release|Any CPU.ActiveCfg = Release|Any CPU
		{FFABE139-7661-4F87-BBC9-8469071B9703}.Release|Any CPU.Build.0 = Release|Any CPU
		{FFABE139-7661-4F87-BBC9-8469071B9703}.Release|x64.ActiveCfg = Release|Any CPU
		{FFABE139-7661-4F87-BBC9-8469071B9703}.Release|x64.Build.0 = Release|Any CPU
		{FFABE139-7661-4F87-BBC9-8469071B9703}.Release|x86.ActiveCfg = Release|Any CPU
		{FFABE139-7661-4F87-BBC9-8469071B9703}.Release|x86.Build.0 = Release|Any CPU
		{165571CB-A82F-4535-BBD5-C6AEFEA4E096}.Debug|Any CPU.ActiveCfg = Debug|Any CPU
		{165571CB-A82F-4535-BBD5-C6AEFEA4E096}.Debug|Any CPU.Build.0 = Debug|Any CPU
		{165571CB-A82F-4535-BBD5-C6AEFEA4E096}.Debug|x64.ActiveCfg = Debug|Any CPU
		{165571CB-A82F-4535-BBD5-C6AEFEA4E096}.Debug|x64.Build.0 = Debug|Any CPU
		{165571CB-A82F-4535-BBD5-C6AEFEA4E096}.Debug|x86.ActiveCfg = Debug|Any CPU
		{165571CB-A82F-4535-BBD5-C6AEFEA4E096}.Debug|x86.Build.0 = Debug|Any CPU
		{165571CB-A82F-4535-BBD5-C6AEFEA4E096}.Release|Any CPU.ActiveCfg = Release|Any CPU
		{165571CB-A82F-4535-BBD5-C6AEFEA4E096}.Release|Any CPU.Build.0 = Release|Any CPU
		{165571CB-A82F-4535-BBD5-C6AEFEA4E096}.Release|x64.ActiveCfg = Release|Any CPU
		{165571CB-A82F-4535-BBD5-C6AEFEA4E096}.Release|x64.Build.0 = Release|Any CPU
		{165571CB-A82F-4535-BBD5-C6AEFEA4E096}.Release|x86.ActiveCfg = Release|Any CPU
		{165571CB-A82F-4535-BBD5-C6AEFEA4E096}.Release|x86.Build.0 = Release|Any CPU
		{094CEBAC-CE25-44BA-8BFF-7C3213806138}.Debug|Any CPU.ActiveCfg = Debug|x64
		{094CEBAC-CE25-44BA-8BFF-7C3213806138}.Debug|Any CPU.Build.0 = Debug|x64
		{094CEBAC-CE25-44BA-8BFF-7C3213806138}.Debug|x64.ActiveCfg = Debug|x64
		{094CEBAC-CE25-44BA-8BFF-7C3213806138}.Debug|x64.Build.0 = Debug|x64
		{094CEBAC-CE25-44BA-8BFF-7C3213806138}.Debug|x86.ActiveCfg = Debug|x64
		{094CEBAC-CE25-44BA-8BFF-7C3213806138}.Debug|x86.Build.0 = Debug|x64
		{094CEBAC-CE25-44BA-8BFF-7C3213806138}.Release|Any CPU.ActiveCfg = Release|x64
		{094CEBAC-CE25-44BA-8BFF-7C3213806138}.Release|Any CPU.Build.0 = Release|x64
		{094CEBAC-CE25-44BA-8BFF-7C3213806138}.Release|x64.ActiveCfg = Release|x64
		{094CEBAC-CE25-44BA-8BFF-7C3213806138}.Release|x64.Build.0 = Release|x64
		{094CEBAC-CE25-44BA-8BFF-7C3213806138}.Release|x86.ActiveCfg = Release|x64
		{094CEBAC-CE25-44BA-8BFF-7C3213806138}.Release|x86.Build.0 = Release|x64
	EndGlobalSection
	GlobalSection(SolutionProperties) = preSolution
		HideSolutionNode = FALSE
	EndGlobalSection
	GlobalSection(NestedProjects) = preSolution
		{963047B3-AC9E-4F8A-B11C-127A4D7DC4FC} = {827E0CD3-B72D-47B6-A68D-7590B98EB39B}
		{FFABE139-7661-4F87-BBC9-8469071B9703} = {827E0CD3-B72D-47B6-A68D-7590B98EB39B}
		{165571CB-A82F-4535-BBD5-C6AEFEA4E096} = {827E0CD3-B72D-47B6-A68D-7590B98EB39B}
		{094CEBAC-CE25-44BA-8BFF-7C3213806138} = {827E0CD3-B72D-47B6-A68D-7590B98EB39B}
	EndGlobalSection
EndGlobal
